
Microsoft Visual Studio Solution File, Format Version 12.00
# Visual Studio 15
VisualStudioVersion = 15.0.28010.2050
MinimumVisualStudioVersion = 10.0.40219.1
Project("{FAE04EC0-301F-11D3-BF4B-00C04F79EFBC}") = "FluentApi", "FluentApi\FluentApi.csproj", "{E1F2F2E4-D4D1-4589-A53F-42A3130DFCBA}"
EndProject
Project("{FAE04EC0-301F-11D3-BF4B-00C04F79EFBC}") = "FluentApi.IoC", "FluentApi.IoC\FluentApi.IoC.csproj", "{0E3D1471-0C0A-4285-89B3-2259104C96FB}"
EndProject
Project("{FAE04EC0-301F-11D3-BF4B-00C04F79EFBC}") = "FluentApi.Domain", "FluentApi.Domain\FluentApi.Domain.csproj", "{8B9CEC4D-EDB7-45FD-AD7D-9B6E9DF29CBC}"
EndProject
Project("{FAE04EC0-301F-11D3-BF4B-00C04F79EFBC}") = "FluentApi.DomainServices", "FluentApi.DomainServices\FluentApi.DomainServices.csproj", "{8F267A2B-831E-4C13-AE6F-82C8359AACAE}"
EndProject
Project("{FAE04EC0-301F-11D3-BF4B-00C04F79EFBC}") = "FluentApi.Infrastructure", "FluentApi.Infrastructure\FluentApi.Infrastructure.csproj", "{48DD6691-6FDC-469A-A290-75382CC0C182}"
EndProject
Project("{FAE04EC0-301F-11D3-BF4B-00C04F79EFBC}") = "FluentApi.InfrastructureServices", "FluentApi.InfrastructureServices\FluentApi.InfrastructureServices.csproj", "{B7D36503-94AA-400B-AF27-154CA2809777}"
EndProject
Global
	GlobalSection(SolutionConfigurationPlatforms) = preSolution
		Debug|Any CPU = Debug|Any CPU
		Release|Any CPU = Release|Any CPU
	EndGlobalSection
	GlobalSection(ProjectConfigurationPlatforms) = postSolution
		{E1F2F2E4-D4D1-4589-A53F-42A3130DFCBA}.Debug|Any CPU.ActiveCfg = Debug|Any CPU
		{E1F2F2E4-D4D1-4589-A53F-42A3130DFCBA}.Debug|Any CPU.Build.0 = Debug|Any CPU
		{E1F2F2E4-D4D1-4589-A53F-42A3130DFCBA}.Release|Any CPU.ActiveCfg = Release|Any CPU
		{E1F2F2E4-D4D1-4589-A53F-42A3130DFCBA}.Release|Any CPU.Build.0 = Release|Any CPU
		{0E3D1471-0C0A-4285-89B3-2259104C96FB}.Debug|Any CPU.ActiveCfg = Debug|Any CPU
		{0E3D1471-0C0A-4285-89B3-2259104C96FB}.Debug|Any CPU.Build.0 = Debug|Any CPU
		{0E3D1471-0C0A-4285-89B3-2259104C96FB}.Release|Any CPU.ActiveCfg = Release|Any CPU
		{0E3D1471-0C0A-4285-89B3-2259104C96FB}.Release|Any CPU.Build.0 = Release|Any CPU
		{8B9CEC4D-EDB7-45FD-AD7D-9B6E9DF29CBC}.Debug|Any CPU.ActiveCfg = Debug|Any CPU
		{8B9CEC4D-EDB7-45FD-AD7D-9B6E9DF29CBC}.Debug|Any CPU.Build.0 = Debug|Any CPU
		{8B9CEC4D-EDB7-45FD-AD7D-9B6E9DF29CBC}.Release|Any CPU.ActiveCfg = Release|Any CPU
		{8B9CEC4D-EDB7-45FD-AD7D-9B6E9DF29CBC}.Release|Any CPU.Build.0 = Release|Any CPU
		{8F267A2B-831E-4C13-AE6F-82C8359AACAE}.Debug|Any CPU.ActiveCfg = Debug|Any CPU
		{8F267A2B-831E-4C13-AE6F-82C8359AACAE}.Debug|Any CPU.Build.0 = Debug|Any CPU
		{8F267A2B-831E-4C13-AE6F-82C8359AACAE}.Release|Any CPU.ActiveCfg = Release|Any CPU
		{8F267A2B-831E-4C13-AE6F-82C8359AACAE}.Release|Any CPU.Build.0 = Release|Any CPU
		{48DD6691-6FDC-469A-A290-75382CC0C182}.Debug|Any CPU.ActiveCfg = Debug|Any CPU
		{48DD6691-6FDC-469A-A290-75382CC0C182}.Debug|Any CPU.Build.0 = Debug|Any CPU
		{48DD6691-6FDC-469A-A290-75382CC0C182}.Release|Any CPU.ActiveCfg = Release|Any CPU
		{48DD6691-6FDC-469A-A290-75382CC0C182}.Release|Any CPU.Build.0 = Release|Any CPU
		{B7D36503-94AA-400B-AF27-154CA2809777}.Debug|Any CPU.ActiveCfg = Debug|Any CPU
		{B7D36503-94AA-400B-AF27-154CA2809777}.Debug|Any CPU.Build.0 = Debug|Any CPU
		{B7D36503-94AA-400B-AF27-154CA2809777}.Release|Any CPU.ActiveCfg = Release|Any CPU
		{B7D36503-94AA-400B-AF27-154CA2809777}.Release|Any CPU.Build.0 = Release|Any CPU
	EndGlobalSection
	GlobalSection(SolutionProperties) = preSolution
		HideSolutionNode = FALSE
	EndGlobalSection
	GlobalSection(ExtensibilityGlobals) = postSolution
		SolutionGuid = {6705E4C8-9F54-46BC-A144-FEAB7D1E6213}
	EndGlobalSection
EndGlobal
